
Microsoft Visual Studio Solution File, Format Version 12.00
# Visual Studio Version 16
VisualStudioVersion = 16.0.31624.102
MinimumVisualStudioVersion = 10.0.40219.1
Project("{FAE04EC0-301F-11D3-BF4B-00C04F79EFBC}") = "VigilanteMissions", "VigilanteMissions.csproj", "{3AD91B09-5CFA-47A2-820E-7972F6F4E988}"
EndProject
Global
	GlobalSection(SolutionConfigurationPlatforms) = preSolution
		Debug|Any CPU = Debug|Any CPU
		Release|Any CPU = Release|Any CPU
	EndGlobalSection
	GlobalSection(ProjectConfigurationPlatforms) = postSolution
		{3AD91B09-5CFA-47A2-820E-7972F6F4E988}.Debug|Any CPU.ActiveCfg = Debug|Any CPU
		{3AD91B09-5CFA-47A2-820E-7972F6F4E988}.Debug|Any CPU.Build.0 = Debug|Any CPU
		{3AD91B09-5CFA-47A2-820E-7972F6F4E988}.Release|Any CPU.ActiveCfg = Release|Any CPU
		{3AD91B09-5CFA-47A2-820E-7972F6F4E988}.Release|Any CPU.Build.0 = Release|Any CPU
	EndGlobalSection
	GlobalSection(SolutionProperties) = preSolution
		HideSolutionNode = FALSE
	EndGlobalSection
	GlobalSection(ExtensibilityGlobals) = postSolution
		SolutionGuid = {63B4FB04-6BB2-4678-8702-51F0DBA84DAF}
	EndGlobalSection
EndGlobal
